
Microsoft Visual Studio Solution File, Format Version 12.00
# Visual Studio Version 17
VisualStudioVersion = 17.5.33516.290
MinimumVisualStudioVersion = 10.0.40219.1
Project("{FAE04EC0-301F-11D3-BF4B-00C04F79EFBC}") = "Demant.UserAuthentication", "Demant.UserAuthentication\Demant.UserAuthentication.csproj", "{46D58057-3808-4739-8394-C650863749EC}"
EndProject
Global
	GlobalSection(SolutionConfigurationPlatforms) = preSolution
		Debug|Any CPU = Debug|Any CPU
		Release|Any CPU = Release|Any CPU
	EndGlobalSection
	GlobalSection(ProjectConfigurationPlatforms) = postSolution
		{46D58057-3808-4739-8394-C650863749EC}.Debug|Any CPU.ActiveCfg = Debug|Any CPU
		{46D58057-3808-4739-8394-C650863749EC}.Debug|Any CPU.Build.0 = Debug|Any CPU
		{46D58057-3808-4739-8394-C650863749EC}.Release|Any CPU.ActiveCfg = Release|Any CPU
		{46D58057-3808-4739-8394-C650863749EC}.Release|Any CPU.Build.0 = Release|Any CPU
	EndGlobalSection
	GlobalSection(SolutionProperties) = preSolution
		HideSolutionNode = FALSE
	EndGlobalSection
	GlobalSection(ExtensibilityGlobals) = postSolution
		SolutionGuid = {F09D19DA-A98C-4521-B7A6-0AD9E8D40D1F}
	EndGlobalSection
EndGlobal
